{
  "name": "user-agent-smith",
  "version": "1.1.2",
  "lockfileVersion": 3,
  "requires": true,
  "packages": {
    "": {
      "name": "user-agent-smith",
      "version": "1.1.2",
      "license": "MIT",
      "dependencies": {
        "user-agent-smith": "^1.1.2"
      }
    },
    "node_modules/user-agent-smith": {
      "version": "1.1.2",
      "resolved": "https://registry.npmjs.org/user-agent-smith/-/user-agent-smith-1.1.2.tgz",
      "integrity": "sha512-XhfUeD/UKp3Xjmkhhqrk8r6Bun+WHsc8GsflJaaMbhjq7r8oqN78WABi7tfeFQqAkQOXMEk/iPmVQVGwfOVzRQ==",
      "license": "MIT"
    }
  }
}
